
Microsoft Visual Studio Solution File, Format Version 12.00
# Visual Studio Version 17
VisualStudioVersion = 17.1.32414.318
MinimumVisualStudioVersion = 10.0.40219.1
Project("{FAE04EC0-301F-11D3-BF4B-00C04F79EFBC}") = "EjercicioClase_02", "EjercicioClase_02\EjercicioClase_02.csproj", "{2A462E92-54FA-4EB3-B10D-32BCF2FB4D72}"
EndProject
Global
	GlobalSection(SolutionConfigurationPlatforms) = preSolution
		Debug|Any CPU = Debug|Any CPU
		Release|Any CPU = Release|Any CPU
	EndGlobalSection
	GlobalSection(ProjectConfigurationPlatforms) = postSolution
		{2A462E92-54FA-4EB3-B10D-32BCF2FB4D72}.Debug|Any CPU.ActiveCfg = Debug|Any CPU
		{2A462E92-54FA-4EB3-B10D-32BCF2FB4D72}.Debug|Any CPU.Build.0 = Debug|Any CPU
		{2A462E92-54FA-4EB3-B10D-32BCF2FB4D72}.Release|Any CPU.ActiveCfg = Release|Any CPU
		{2A462E92-54FA-4EB3-B10D-32BCF2FB4D72}.Release|Any CPU.Build.0 = Release|Any CPU
	EndGlobalSection
	GlobalSection(SolutionProperties) = preSolution
		HideSolutionNode = FALSE
	EndGlobalSection
	GlobalSection(ExtensibilityGlobals) = postSolution
		SolutionGuid = {55F31B81-0D10-490C-830A-21DAF00D6996}
	EndGlobalSection
EndGlobal
