
Microsoft Visual Studio Solution File, Format Version 12.00
# Visual Studio Version 16
VisualStudioVersion = 16.0.32630.194
MinimumVisualStudioVersion = 10.0.40219.1
Project("{FAE04EC0-301F-11D3-BF4B-00C04F79EFBC}") = "Zapateria", "Zapateria\Zapateria.csproj", "{477ED13F-6832-4F5E-9C90-5ABF41D503BC}"
EndProject
Global
	GlobalSection(SolutionConfigurationPlatforms) = preSolution
		Debug|Any CPU = Debug|Any CPU
		Release|Any CPU = Release|Any CPU
	EndGlobalSection
	GlobalSection(ProjectConfigurationPlatforms) = postSolution
		{477ED13F-6832-4F5E-9C90-5ABF41D503BC}.Debug|Any CPU.ActiveCfg = Debug|Any CPU
		{477ED13F-6832-4F5E-9C90-5ABF41D503BC}.Debug|Any CPU.Build.0 = Debug|Any CPU
		{477ED13F-6832-4F5E-9C90-5ABF41D503BC}.Release|Any CPU.ActiveCfg = Release|Any CPU
		{477ED13F-6832-4F5E-9C90-5ABF41D503BC}.Release|Any CPU.Build.0 = Release|Any CPU
	EndGlobalSection
	GlobalSection(SolutionProperties) = preSolution
		HideSolutionNode = FALSE
	EndGlobalSection
	GlobalSection(ExtensibilityGlobals) = postSolution
		SolutionGuid = {83D7C863-4F88-465A-8425-A46039CA70CD}
	EndGlobalSection
EndGlobal
